
Microsoft Visual Studio Solution File, Format Version 12.00
# Visual Studio 15
VisualStudioVersion = 15.0.27428.2015
MinimumVisualStudioVersion = 10.0.40219.1
Project("{FAE04EC0-301F-11D3-BF4B-00C04F79EFBC}") = "DateCalculator", "DateCalculator\DateCalculator.csproj", "{F9C4439C-32FC-40D2-B46F-597F0AEB792C}"
EndProject
Project("{FAE04EC0-301F-11D3-BF4B-00C04F79EFBC}") = "DateCalculatorTest", "DateCalculatorTest\DateCalculatorTest.csproj", "{CFA92B01-9253-4CDB-B536-4D60140F4FE8}"
EndProject
Global
	GlobalSection(SolutionConfigurationPlatforms) = preSolution
		Debug|Any CPU = Debug|Any CPU
		Release|Any CPU = Release|Any CPU
	EndGlobalSection
	GlobalSection(ProjectConfigurationPlatforms) = postSolution
		{F9C4439C-32FC-40D2-B46F-597F0AEB792C}.Debug|Any CPU.ActiveCfg = Debug|Any CPU
		{F9C4439C-32FC-40D2-B46F-597F0AEB792C}.Debug|Any CPU.Build.0 = Debug|Any CPU
		{F9C4439C-32FC-40D2-B46F-597F0AEB792C}.Release|Any CPU.ActiveCfg = Release|Any CPU
		{F9C4439C-32FC-40D2-B46F-597F0AEB792C}.Release|Any CPU.Build.0 = Release|Any CPU
		{CFA92B01-9253-4CDB-B536-4D60140F4FE8}.Debug|Any CPU.ActiveCfg = Debug|Any CPU
		{CFA92B01-9253-4CDB-B536-4D60140F4FE8}.Debug|Any CPU.Build.0 = Debug|Any CPU
		{CFA92B01-9253-4CDB-B536-4D60140F4FE8}.Release|Any CPU.ActiveCfg = Release|Any CPU
		{CFA92B01-9253-4CDB-B536-4D60140F4FE8}.Release|Any CPU.Build.0 = Release|Any CPU
	EndGlobalSection
	GlobalSection(SolutionProperties) = preSolution
		HideSolutionNode = FALSE
	EndGlobalSection
	GlobalSection(ExtensibilityGlobals) = postSolution
		SolutionGuid = {4A53866B-9566-40BC-9FCB-F592C86A80ED}
	EndGlobalSection
EndGlobal
